
Microsoft Visual Studio Solution File, Format Version 12.00
# Visual Studio Version 17
VisualStudioVersion = 17.2.32616.157
MinimumVisualStudioVersion = 10.0.40219.1
Project("{FAE04EC0-301F-11D3-BF4B-00C04F79EFBC}") = "MetaQuotes.IPSearch.Web", "MetaQuotes.IPSearch.Web.csproj", "{118007B3-7F85-4941-82A9-B851E3CCD39F}"
EndProject
Project("{FAE04EC0-301F-11D3-BF4B-00C04F79EFBC}") = "MetaQuotes.IPSearch.Models", "..\MetaQuotes.IPSearch.Models\MetaQuotes.IPSearch.Models.csproj", "{E94E73E0-410B-4BF7-8936-C38DE27A67A4}"
EndProject
Project("{FAE04EC0-301F-11D3-BF4B-00C04F79EFBC}") = "MetaQuotes.IPSearch.Services", "..\MetaQuotes.IPSearch.Services\MetaQuotes.IPSearch.Services.csproj", "{EB182379-651A-41D1-B13D-8468AD452A06}"
EndProject
Project("{FAE04EC0-301F-11D3-BF4B-00C04F79EFBC}") = "MetaQuotes.IPSearch.UnitTests", "..\MetaQuotes.IPSearch.UnitTests\MetaQuotes.IPSearch.UnitTests.csproj", "{659F31F8-FE6F-4C0A-AEA9-259F646898CA}"
EndProject
Global
	GlobalSection(SolutionConfigurationPlatforms) = preSolution
		Debug|Any CPU = Debug|Any CPU
		Release|Any CPU = Release|Any CPU
	EndGlobalSection
	GlobalSection(ProjectConfigurationPlatforms) = postSolution
		{118007B3-7F85-4941-82A9-B851E3CCD39F}.Debug|Any CPU.ActiveCfg = Debug|Any CPU
		{118007B3-7F85-4941-82A9-B851E3CCD39F}.Debug|Any CPU.Build.0 = Debug|Any CPU
		{118007B3-7F85-4941-82A9-B851E3CCD39F}.Release|Any CPU.ActiveCfg = Release|Any CPU
		{118007B3-7F85-4941-82A9-B851E3CCD39F}.Release|Any CPU.Build.0 = Release|Any CPU
		{E94E73E0-410B-4BF7-8936-C38DE27A67A4}.Debug|Any CPU.ActiveCfg = Debug|Any CPU
		{E94E73E0-410B-4BF7-8936-C38DE27A67A4}.Debug|Any CPU.Build.0 = Debug|Any CPU
		{E94E73E0-410B-4BF7-8936-C38DE27A67A4}.Release|Any CPU.ActiveCfg = Release|Any CPU
		{E94E73E0-410B-4BF7-8936-C38DE27A67A4}.Release|Any CPU.Build.0 = Release|Any CPU
		{EB182379-651A-41D1-B13D-8468AD452A06}.Debug|Any CPU.ActiveCfg = Debug|Any CPU
		{EB182379-651A-41D1-B13D-8468AD452A06}.Debug|Any CPU.Build.0 = Debug|Any CPU
		{EB182379-651A-41D1-B13D-8468AD452A06}.Release|Any CPU.ActiveCfg = Release|Any CPU
		{EB182379-651A-41D1-B13D-8468AD452A06}.Release|Any CPU.Build.0 = Release|Any CPU
		{659F31F8-FE6F-4C0A-AEA9-259F646898CA}.Debug|Any CPU.ActiveCfg = Debug|Any CPU
		{659F31F8-FE6F-4C0A-AEA9-259F646898CA}.Debug|Any CPU.Build.0 = Debug|Any CPU
		{659F31F8-FE6F-4C0A-AEA9-259F646898CA}.Release|Any CPU.ActiveCfg = Release|Any CPU
		{659F31F8-FE6F-4C0A-AEA9-259F646898CA}.Release|Any CPU.Build.0 = Release|Any CPU
	EndGlobalSection
	GlobalSection(SolutionProperties) = preSolution
		HideSolutionNode = FALSE
	EndGlobalSection
	GlobalSection(ExtensibilityGlobals) = postSolution
		SolutionGuid = {3316A92B-FD71-4B0E-8C46-768D956D4456}
	EndGlobalSection
EndGlobal
